
Microsoft Visual Studio Solution File, Format Version 12.00
# Visual Studio Version 17
VisualStudioVersion = 17.0.31903.59
MinimumVisualStudioVersion = 10.0.40219.1
Project("{FAE04EC0-301F-11D3-BF4B-00C04F79EFBC}") = "pizza-byte.api", "pizza-byte.api\pizza-byte.api.csproj", "{A9A46EAB-8AA6-4B78-BC38-7EF8A2E45E20}"
EndProject
Project("{FAE04EC0-301F-11D3-BF4B-00C04F79EFBC}") = "pizza-byte.contracts", "pizza-byte.contracts\pizza-byte.contracts.csproj", "{3156B9DB-900A-4BC7-9880-2B44E733725E}"
EndProject
Global
	GlobalSection(SolutionConfigurationPlatforms) = preSolution
		Debug|Any CPU = Debug|Any CPU
		Release|Any CPU = Release|Any CPU
	EndGlobalSection
	GlobalSection(SolutionProperties) = preSolution
		HideSolutionNode = FALSE
	EndGlobalSection
	GlobalSection(ProjectConfigurationPlatforms) = postSolution
		{A9A46EAB-8AA6-4B78-BC38-7EF8A2E45E20}.Debug|Any CPU.ActiveCfg = Debug|Any CPU
		{A9A46EAB-8AA6-4B78-BC38-7EF8A2E45E20}.Debug|Any CPU.Build.0 = Debug|Any CPU
		{A9A46EAB-8AA6-4B78-BC38-7EF8A2E45E20}.Release|Any CPU.ActiveCfg = Release|Any CPU
		{A9A46EAB-8AA6-4B78-BC38-7EF8A2E45E20}.Release|Any CPU.Build.0 = Release|Any CPU
		{3156B9DB-900A-4BC7-9880-2B44E733725E}.Debug|Any CPU.ActiveCfg = Debug|Any CPU
		{3156B9DB-900A-4BC7-9880-2B44E733725E}.Debug|Any CPU.Build.0 = Debug|Any CPU
		{3156B9DB-900A-4BC7-9880-2B44E733725E}.Release|Any CPU.ActiveCfg = Release|Any CPU
		{3156B9DB-900A-4BC7-9880-2B44E733725E}.Release|Any CPU.Build.0 = Release|Any CPU
	EndGlobalSection
EndGlobal
